
Microsoft Visual Studio Solution File, Format Version 12.00
# Visual Studio Version 17
VisualStudioVersion = 17.5.002.0
MinimumVisualStudioVersion = 10.0.40219.1
Project("{9A19103F-16F7-4668-BE54-9A1E7A4F7556}") = "Develop05", "Develop05.csproj", "{988132E5-421E-46D6-9AC1-EC2722AD98D4}"
EndProject
Global
	GlobalSection(SolutionConfigurationPlatforms) = preSolution
		Debug|Any CPU = Debug|Any CPU
		Release|Any CPU = Release|Any CPU
	EndGlobalSection
	GlobalSection(ProjectConfigurationPlatforms) = postSolution
		{988132E5-421E-46D6-9AC1-EC2722AD98D4}.Debug|Any CPU.ActiveCfg = Debug|Any CPU
		{988132E5-421E-46D6-9AC1-EC2722AD98D4}.Debug|Any CPU.Build.0 = Debug|Any CPU
		{988132E5-421E-46D6-9AC1-EC2722AD98D4}.Release|Any CPU.ActiveCfg = Release|Any CPU
		{988132E5-421E-46D6-9AC1-EC2722AD98D4}.Release|Any CPU.Build.0 = Release|Any CPU
	EndGlobalSection
	GlobalSection(SolutionProperties) = preSolution
		HideSolutionNode = FALSE
	EndGlobalSection
	GlobalSection(ExtensibilityGlobals) = postSolution
		SolutionGuid = {0E56B49A-D5BF-4B1D-B537-196AE900767B}
	EndGlobalSection
EndGlobal
